
Microsoft Visual Studio Solution File, Format Version 12.00
# Visual Studio Version 16
VisualStudioVersion = 16.0.30517.126
MinimumVisualStudioVersion = 10.0.40219.1
Project("{FAE04EC0-301F-11D3-BF4B-00C04F79EFBC}") = "Lab2B", "Lab2B\Lab2B.csproj", "{ECCA48F6-30EC-4268-9C14-CFAEB1AD826F}"
EndProject
Global
	GlobalSection(SolutionConfigurationPlatforms) = preSolution
		Debug|Any CPU = Debug|Any CPU
		Release|Any CPU = Release|Any CPU
	EndGlobalSection
	GlobalSection(ProjectConfigurationPlatforms) = postSolution
		{ECCA48F6-30EC-4268-9C14-CFAEB1AD826F}.Debug|Any CPU.ActiveCfg = Debug|Any CPU
		{ECCA48F6-30EC-4268-9C14-CFAEB1AD826F}.Debug|Any CPU.Build.0 = Debug|Any CPU
		{ECCA48F6-30EC-4268-9C14-CFAEB1AD826F}.Release|Any CPU.ActiveCfg = Release|Any CPU
		{ECCA48F6-30EC-4268-9C14-CFAEB1AD826F}.Release|Any CPU.Build.0 = Release|Any CPU
	EndGlobalSection
	GlobalSection(SolutionProperties) = preSolution
		HideSolutionNode = FALSE
	EndGlobalSection
	GlobalSection(ExtensibilityGlobals) = postSolution
		SolutionGuid = {BC4B2FB4-D796-4548-AB5D-DD776CA79AAA}
	EndGlobalSection
EndGlobal
